
Microsoft Visual Studio Solution File, Format Version 12.00
# Visual Studio Version 17
VisualStudioVersion = 17.0.31903.59
MinimumVisualStudioVersion = 10.0.40219.1
Project("{2150E333-8FDC-42A3-9474-1A3956D46DE8}") = "src", "src", "{9FA525B8-0649-4096-9518-E6D2CFEF0E55}"
EndProject
Project("{FAE04EC0-301F-11D3-BF4B-00C04F79EFBC}") = "AuctionService", "src\AuctionService\AuctionService.csproj", "{A819264F-CEA4-4502-9E48-0F9025CBB492}"
EndProject
Project("{FAE04EC0-301F-11D3-BF4B-00C04F79EFBC}") = "SearchService", "src\SearchService\SearchService.csproj", "{335D3600-503C-42E1-A120-8A5EF3E69C98}"
EndProject
Project("{FAE04EC0-301F-11D3-BF4B-00C04F79EFBC}") = "Contracts", "src\Contracts\Contracts.csproj", "{7900227F-931D-4F34-A1F4-3FCC6E4F51EF}"
EndProject
Project("{FAE04EC0-301F-11D3-BF4B-00C04F79EFBC}") = "IdentityService", "src\IdentityService\IdentityService.csproj", "{DCF900F8-B929-477A-99A0-AA9B7B79B311}"
EndProject
Project("{FAE04EC0-301F-11D3-BF4B-00C04F79EFBC}") = "GatewayService", "src\GatewayService\GatewayService.csproj", "{50366D3A-91B4-4FD1-91EA-57D6323AB0DD}"
EndProject
Global
	GlobalSection(SolutionConfigurationPlatforms) = preSolution
		Debug|Any CPU = Debug|Any CPU
		Release|Any CPU = Release|Any CPU
	EndGlobalSection
	GlobalSection(SolutionProperties) = preSolution
		HideSolutionNode = FALSE
	EndGlobalSection
	GlobalSection(ProjectConfigurationPlatforms) = postSolution
		{A819264F-CEA4-4502-9E48-0F9025CBB492}.Debug|Any CPU.ActiveCfg = Debug|Any CPU
		{A819264F-CEA4-4502-9E48-0F9025CBB492}.Debug|Any CPU.Build.0 = Debug|Any CPU
		{A819264F-CEA4-4502-9E48-0F9025CBB492}.Release|Any CPU.ActiveCfg = Release|Any CPU
		{A819264F-CEA4-4502-9E48-0F9025CBB492}.Release|Any CPU.Build.0 = Release|Any CPU
		{335D3600-503C-42E1-A120-8A5EF3E69C98}.Debug|Any CPU.ActiveCfg = Debug|Any CPU
		{335D3600-503C-42E1-A120-8A5EF3E69C98}.Debug|Any CPU.Build.0 = Debug|Any CPU
		{335D3600-503C-42E1-A120-8A5EF3E69C98}.Release|Any CPU.ActiveCfg = Release|Any CPU
		{335D3600-503C-42E1-A120-8A5EF3E69C98}.Release|Any CPU.Build.0 = Release|Any CPU
		{7900227F-931D-4F34-A1F4-3FCC6E4F51EF}.Debug|Any CPU.ActiveCfg = Debug|Any CPU
		{7900227F-931D-4F34-A1F4-3FCC6E4F51EF}.Debug|Any CPU.Build.0 = Debug|Any CPU
		{7900227F-931D-4F34-A1F4-3FCC6E4F51EF}.Release|Any CPU.ActiveCfg = Release|Any CPU
		{7900227F-931D-4F34-A1F4-3FCC6E4F51EF}.Release|Any CPU.Build.0 = Release|Any CPU
		{DCF900F8-B929-477A-99A0-AA9B7B79B311}.Debug|Any CPU.ActiveCfg = Debug|Any CPU
		{DCF900F8-B929-477A-99A0-AA9B7B79B311}.Debug|Any CPU.Build.0 = Debug|Any CPU
		{DCF900F8-B929-477A-99A0-AA9B7B79B311}.Release|Any CPU.ActiveCfg = Release|Any CPU
		{DCF900F8-B929-477A-99A0-AA9B7B79B311}.Release|Any CPU.Build.0 = Release|Any CPU
		{50366D3A-91B4-4FD1-91EA-57D6323AB0DD}.Debug|Any CPU.ActiveCfg = Debug|Any CPU
		{50366D3A-91B4-4FD1-91EA-57D6323AB0DD}.Debug|Any CPU.Build.0 = Debug|Any CPU
		{50366D3A-91B4-4FD1-91EA-57D6323AB0DD}.Release|Any CPU.ActiveCfg = Release|Any CPU
		{50366D3A-91B4-4FD1-91EA-57D6323AB0DD}.Release|Any CPU.Build.0 = Release|Any CPU
	EndGlobalSection
	GlobalSection(NestedProjects) = preSolution
		{A819264F-CEA4-4502-9E48-0F9025CBB492} = {9FA525B8-0649-4096-9518-E6D2CFEF0E55}
		{335D3600-503C-42E1-A120-8A5EF3E69C98} = {9FA525B8-0649-4096-9518-E6D2CFEF0E55}
		{7900227F-931D-4F34-A1F4-3FCC6E4F51EF} = {9FA525B8-0649-4096-9518-E6D2CFEF0E55}
		{DCF900F8-B929-477A-99A0-AA9B7B79B311} = {9FA525B8-0649-4096-9518-E6D2CFEF0E55}
		{50366D3A-91B4-4FD1-91EA-57D6323AB0DD} = {9FA525B8-0649-4096-9518-E6D2CFEF0E55}
	EndGlobalSection
EndGlobal
